
Microsoft Visual Studio Solution File, Format Version 12.00
# Visual Studio 15
VisualStudioVersion = 15.0.28307.852
MinimumVisualStudioVersion = 10.0.40219.1
Project("{FAE04EC0-301F-11D3-BF4B-00C04F79EFBC}") = "SumPyramid", "SumPyramid\SumPyramid.csproj", "{6035DD5D-0FC0-4DDC-B122-E87CEE6E2742}"
EndProject
Project("{FAE04EC0-301F-11D3-BF4B-00C04F79EFBC}") = "UnitTest", "UnitTest\UnitTest.csproj", "{F936F6AD-19D3-4FED-A834-BF481D96D117}"
EndProject
Global
	GlobalSection(SolutionConfigurationPlatforms) = preSolution
		Debug|Any CPU = Debug|Any CPU
		Release|Any CPU = Release|Any CPU
	EndGlobalSection
	GlobalSection(ProjectConfigurationPlatforms) = postSolution
		{6035DD5D-0FC0-4DDC-B122-E87CEE6E2742}.Debug|Any CPU.ActiveCfg = Debug|Any CPU
		{6035DD5D-0FC0-4DDC-B122-E87CEE6E2742}.Debug|Any CPU.Build.0 = Debug|Any CPU
		{6035DD5D-0FC0-4DDC-B122-E87CEE6E2742}.Release|Any CPU.ActiveCfg = Release|Any CPU
		{6035DD5D-0FC0-4DDC-B122-E87CEE6E2742}.Release|Any CPU.Build.0 = Release|Any CPU
		{F936F6AD-19D3-4FED-A834-BF481D96D117}.Debug|Any CPU.ActiveCfg = Debug|Any CPU
		{F936F6AD-19D3-4FED-A834-BF481D96D117}.Debug|Any CPU.Build.0 = Debug|Any CPU
		{F936F6AD-19D3-4FED-A834-BF481D96D117}.Release|Any CPU.ActiveCfg = Release|Any CPU
		{F936F6AD-19D3-4FED-A834-BF481D96D117}.Release|Any CPU.Build.0 = Release|Any CPU
	EndGlobalSection
	GlobalSection(SolutionProperties) = preSolution
		HideSolutionNode = FALSE
	EndGlobalSection
	GlobalSection(ExtensibilityGlobals) = postSolution
		SolutionGuid = {827EE3E7-922C-4C41-9F65-D607DE0DFBC9}
	EndGlobalSection
EndGlobal
